// !$*UTF8*$!
{
	archiveVersion = 1;
	classes = {
	};
	objectVersion = 56;
	objects = {

/* Begin PBXBuildFile section */
		BB0000000000000000000001 /* AppDelegate.swift in Sources */ = {isa = PBXBuildFile; fileRef = AA0000000000000000000001 /* AppDelegate.swift */; };
		BB0000000000000000000010 /* main.swift in Sources */ = {isa = PBXBuildFile; fileRef = AA0000000000000000000013 /* main.swift */; };
		BB0000000000000000000002 /* ScreenCaptureManager.swift in Sources */ = {isa = PBXBuildFile; fileRef = AA0000000000000000000002 /* ScreenCaptureManager.swift */; };
		BB0000000000000000000003 /* CaptureOverlayWindow.swift in Sources */ = {isa = PBXBuildFile; fileRef = AA0000000000000000000003 /* CaptureOverlayWindow.swift */; };
		BB0000000000000000000004 /* RegionSelectorView.swift in Sources */ = {isa = PBXBuildFile; fileRef = AA0000000000000000000004 /* RegionSelectorView.swift */; };
		BB0000000000000000000005 /* EditorWindowController.swift in Sources */ = {isa = PBXBuildFile; fileRef = AA0000000000000000000005 /* EditorWindowController.swift */; };
		BB0000000000000000000006 /* CanvasView.swift in Sources */ = {isa = PBXBuildFile; fileRef = AA0000000000000000000006 /* CanvasView.swift */; };
		BB0000000000000000000007 /* EditorToolbarView.swift in Sources */ = {isa = PBXBuildFile; fileRef = AA0000000000000000000007 /* EditorToolbarView.swift */; };
		BB0000000000000000000008 /* DrawingTool.swift in Sources */ = {isa = PBXBuildFile; fileRef = AA0000000000000000000008 /* DrawingTool.swift */; };
		BB0000000000000000000009 /* PenTool.swift in Sources */ = {isa = PBXBuildFile; fileRef = AA0000000000000000000009 /* PenTool.swift */; };
		BB000000000000000000000A /* TextTool.swift in Sources */ = {isa = PBXBuildFile; fileRef = AA000000000000000000000A /* TextTool.swift */; };
		BB0000000000000000000011 /* SelectTool.swift in Sources */ = {isa = PBXBuildFile; fileRef = AA0000000000000000000014 /* SelectTool.swift */; };
		BB0000000000000000000012 /* StepMarkerTool.swift in Sources */ = {isa = PBXBuildFile; fileRef = AA0000000000000000000015 /* StepMarkerTool.swift */; };
		BB0000000000000000000013 /* ArrowTool.swift in Sources */ = {isa = PBXBuildFile; fileRef = AA0000000000000000000016 /* ArrowTool.swift */; };
		BB0000000000000000000014 /* ShapeTool.swift in Sources */ = {isa = PBXBuildFile; fileRef = AA0000000000000000000017 /* ShapeTool.swift */; };
		BB0000000000000000000015 /* BlurTool.swift in Sources */ = {isa = PBXBuildFile; fileRef = AA0000000000000000000018 /* BlurTool.swift */; };
		BB0000000000000000000016 /* HighlighterTool.swift in Sources */ = {isa = PBXBuildFile; fileRef = AA0000000000000000000019 /* HighlighterTool.swift */; };
		BB0000000000000000000017 /* ZoomBubbleTool.swift in Sources */ = {isa = PBXBuildFile; fileRef = AA000000000000000000001A /* ZoomBubbleTool.swift */; };
		BB000000000000000000000B /* Annotation.swift in Sources */ = {isa = PBXBuildFile; fileRef = AA000000000000000000000B /* Annotation.swift */; };
		BB000000000000000000000C /* DrawingState.swift in Sources */ = {isa = PBXBuildFile; fileRef = AA000000000000000000000C /* DrawingState.swift */; };
		BB000000000000000000000D /* ImageExporter.swift in Sources */ = {isa = PBXBuildFile; fileRef = AA000000000000000000000D /* ImageExporter.swift */; };
		BB000000000000000000000E /* FloatingMenuPanel.swift in Sources */ = {isa = PBXBuildFile; fileRef = AA000000000000000000000E /* FloatingMenuPanel.swift */; };
		BB000000000000000000000F /* Assets.xcassets in Resources */ = {isa = PBXBuildFile; fileRef = AA000000000000000000000F /* Assets.xcassets */; };
/* End PBXBuildFile section */

/* Begin PBXFileReference section */
		AA0000000000000000000001 /* AppDelegate.swift */ = {isa = PBXFileReference; lastKnownFileType = sourcecode.swift; path = AppDelegate.swift; sourceTree = "<group>"; };
		AA0000000000000000000013 /* main.swift */ = {isa = PBXFileReference; lastKnownFileType = sourcecode.swift; path = main.swift; sourceTree = "<group>"; };
		AA0000000000000000000002 /* ScreenCaptureManager.swift */ = {isa = PBXFileReference; lastKnownFileType = sourcecode.swift; path = ScreenCaptureManager.swift; sourceTree = "<group>"; };
		AA0000000000000000000003 /* CaptureOverlayWindow.swift */ = {isa = PBXFileReference; lastKnownFileType = sourcecode.swift; path = CaptureOverlayWindow.swift; sourceTree = "<group>"; };
		AA0000000000000000000004 /* RegionSelectorView.swift */ = {isa = PBXFileReference; lastKnownFileType = sourcecode.swift; path = RegionSelectorView.swift; sourceTree = "<group>"; };
		AA0000000000000000000005 /* EditorWindowController.swift */ = {isa = PBXFileReference; lastKnownFileType = sourcecode.swift; path = EditorWindowController.swift; sourceTree = "<group>"; };
		AA0000000000000000000006 /* CanvasView.swift */ = {isa = PBXFileReference; lastKnownFileType = sourcecode.swift; path = CanvasView.swift; sourceTree = "<group>"; };
		AA0000000000000000000007 /* EditorToolbarView.swift */ = {isa = PBXFileReference; lastKnownFileType = sourcecode.swift; path = EditorToolbarView.swift; sourceTree = "<group>"; };
		AA0000000000000000000008 /* DrawingTool.swift */ = {isa = PBXFileReference; lastKnownFileType = sourcecode.swift; path = DrawingTool.swift; sourceTree = "<group>"; };
		AA0000000000000000000009 /* PenTool.swift */ = {isa = PBXFileReference; lastKnownFileType = sourcecode.swift; path = PenTool.swift; sourceTree = "<group>"; };
		AA000000000000000000000A /* TextTool.swift */ = {isa = PBXFileReference; lastKnownFileType = sourcecode.swift; path = TextTool.swift; sourceTree = "<group>"; };
		AA0000000000000000000014 /* SelectTool.swift */ = {isa = PBXFileReference; lastKnownFileType = sourcecode.swift; path = SelectTool.swift; sourceTree = "<group>"; };
		AA0000000000000000000015 /* StepMarkerTool.swift */ = {isa = PBXFileReference; lastKnownFileType = sourcecode.swift; path = StepMarkerTool.swift; sourceTree = "<group>"; };
		AA0000000000000000000016 /* ArrowTool.swift */ = {isa = PBXFileReference; lastKnownFileType = sourcecode.swift; path = ArrowTool.swift; sourceTree = "<group>"; };
		AA0000000000000000000017 /* ShapeTool.swift */ = {isa = PBXFileReference; lastKnownFileType = sourcecode.swift; path = ShapeTool.swift; sourceTree = "<group>"; };
		AA0000000000000000000018 /* BlurTool.swift */ = {isa = PBXFileReference; lastKnownFileType = sourcecode.swift; path = BlurTool.swift; sourceTree = "<group>"; };
		AA0000000000000000000019 /* HighlighterTool.swift */ = {isa = PBXFileReference; lastKnownFileType = sourcecode.swift; path = HighlighterTool.swift; sourceTree = "<group>"; };
		AA000000000000000000001A /* ZoomBubbleTool.swift */ = {isa = PBXFileReference; lastKnownFileType = sourcecode.swift; path = ZoomBubbleTool.swift; sourceTree = "<group>"; };
		AA000000000000000000000B /* Annotation.swift */ = {isa = PBXFileReference; lastKnownFileType = sourcecode.swift; path = Annotation.swift; sourceTree = "<group>"; };
		AA000000000000000000000C /* DrawingState.swift */ = {isa = PBXFileReference; lastKnownFileType = sourcecode.swift; path = DrawingState.swift; sourceTree = "<group>"; };
		AA000000000000000000000D /* ImageExporter.swift */ = {isa = PBXFileReference; lastKnownFileType = sourcecode.swift; path = ImageExporter.swift; sourceTree = "<group>"; };
		AA000000000000000000000E /* FloatingMenuPanel.swift */ = {isa = PBXFileReference; lastKnownFileType = sourcecode.swift; path = FloatingMenuPanel.swift; sourceTree = "<group>"; };
		AA000000000000000000000F /* Assets.xcassets */ = {isa = PBXFileReference; lastKnownFileType = folder.assetcatalog; path = Assets.xcassets; sourceTree = "<group>"; };
		AA0000000000000000000010 /* Info.plist */ = {isa = PBXFileReference; lastKnownFileType = text.plist.xml; path = Info.plist; sourceTree = "<group>"; };
		AA0000000000000000000011 /* Screengrabber.entitlements */ = {isa = PBXFileReference; lastKnownFileType = text.plist.entitlements; path = Screengrabber.entitlements; sourceTree = "<group>"; };
		AA0000000000000000000012 /* Screengrabber.app */ = {isa = PBXFileReference; explicitFileType = wrapper.application; includeInIndex = 0; path = Screengrabber.app; sourceTree = BUILT_PRODUCTS_DIR; };
/* End PBXFileReference section */

/* Begin PBXFrameworksBuildPhase section */
		DD0000000000000000000002 /* Frameworks */ = {
			isa = PBXFrameworksBuildPhase;
			buildActionMask = 2147483647;
			files = (
			);
			runOnlyForDeploymentPostprocessing = 0;
		};
/* End PBXFrameworksBuildPhase section */

/* Begin PBXGroup section */
		CC0000000000000000000001 /* = */ = {
			isa = PBXGroup;
			children = (
				CC0000000000000000000002 /* Screengrabber */,
				CC0000000000000000000009 /* Products */,
			);
			sourceTree = "<group>";
		};
		CC0000000000000000000002 /* Screengrabber */ = {
			isa = PBXGroup;
			children = (
				AA0000000000000000000001 /* AppDelegate.swift */,
				AA0000000000000000000013 /* main.swift */,
				AA000000000000000000000F /* Assets.xcassets */,
				AA0000000000000000000010 /* Info.plist */,
				AA0000000000000000000011 /* Screengrabber.entitlements */,
				CC0000000000000000000003 /* Capture */,
				CC0000000000000000000004 /* Editor */,
				CC0000000000000000000005 /* Tools */,
				CC0000000000000000000006 /* Models */,
				CC0000000000000000000007 /* Export */,
				CC0000000000000000000008 /* UI */,
			);
			path = Screengrabber;
			sourceTree = "<group>";
		};
		CC0000000000000000000003 /* Capture */ = {
			isa = PBXGroup;
			children = (
				AA0000000000000000000002 /* ScreenCaptureManager.swift */,
				AA0000000000000000000003 /* CaptureOverlayWindow.swift */,
				AA0000000000000000000004 /* RegionSelectorView.swift */,
			);
			path = Capture;
			sourceTree = "<group>";
		};
		CC0000000000000000000004 /* Editor */ = {
			isa = PBXGroup;
			children = (
				AA0000000000000000000005 /* EditorWindowController.swift */,
				AA0000000000000000000006 /* CanvasView.swift */,
				AA0000000000000000000007 /* EditorToolbarView.swift */,
			);
			path = Editor;
			sourceTree = "<group>";
		};
		CC0000000000000000000005 /* Tools */ = {
			isa = PBXGroup;
			children = (
				AA0000000000000000000008 /* DrawingTool.swift */,
				AA0000000000000000000009 /* PenTool.swift */,
				AA000000000000000000000A /* TextTool.swift */,
				AA0000000000000000000014 /* SelectTool.swift */,
				AA0000000000000000000015 /* StepMarkerTool.swift */,
				AA0000000000000000000016 /* ArrowTool.swift */,
				AA0000000000000000000017 /* ShapeTool.swift */,
				AA0000000000000000000018 /* BlurTool.swift */,
				AA0000000000000000000019 /* HighlighterTool.swift */,
				AA000000000000000000001A /* ZoomBubbleTool.swift */,
			);
			path = Tools;
			sourceTree = "<group>";
		};
		CC0000000000000000000006 /* Models */ = {
			isa = PBXGroup;
			children = (
				AA000000000000000000000B /* Annotation.swift */,
				AA000000000000000000000C /* DrawingState.swift */,
			);
			path = Models;
			sourceTree = "<group>";
		};
		CC0000000000000000000007 /* Export */ = {
			isa = PBXGroup;
			children = (
				AA000000000000000000000D /* ImageExporter.swift */,
			);
			path = Export;
			sourceTree = "<group>";
		};
		CC0000000000000000000008 /* UI */ = {
			isa = PBXGroup;
			children = (
				AA000000000000000000000E /* FloatingMenuPanel.swift */,
			);
			path = UI;
			sourceTree = "<group>";
		};
		CC0000000000000000000009 /* Products */ = {
			isa = PBXGroup;
			children = (
				AA0000000000000000000012 /* Screengrabber.app */,
			);
			name = Products;
			sourceTree = "<group>";
		};
/* End PBXGroup section */

/* Begin PBXNativeTarget section */
		110000000000000000000001 /* Screengrabber */ = {
			isa = PBXNativeTarget;
			buildConfigurationList = FF0000000000000000000002 /* Build configuration list for PBXNativeTarget "Screengrabber" */;
			buildPhases = (
				DD0000000000000000000001 /* Sources */,
				DD0000000000000000000002 /* Frameworks */,
				DD0000000000000000000003 /* Resources */,
			);
			buildRules = (
			);
			dependencies = (
			);
			name = Screengrabber;
			productName = Screengrabber;
			productReference = AA0000000000000000000012 /* Screengrabber.app */;
			productType = "com.apple.product-type.application";
		};
/* End PBXNativeTarget section */

/* Begin PBXProject section */
		000000000000000000000001 /* Project object */ = {
			isa = PBXProject;
			attributes = {
				BuildIndependentTargetsInParallel = 1;
				LastSwiftUpdateCheck = 1500;
				LastUpgradeCheck = 1500;
				TargetAttributes = {
					110000000000000000000001 = {
						CreatedOnToolsVersion = 15.0;
					};
				};
			};
			buildConfigurationList = FF0000000000000000000001 /* Build configuration list for PBXProject "Screengrabber" */;
			compatibilityVersion = "Xcode 14.0";
			developmentRegion = en;
			hasScannedForEncodings = 0;
			knownRegions = (
				en,
				Base,
			);
			mainGroup = CC0000000000000000000001;
			productRefGroup = CC0000000000000000000009 /* Products */;
			projectDirPath = "";
			projectRoot = "";
			targets = (
				110000000000000000000001 /* Screengrabber */,
			);
		};
/* End PBXProject section */

/* Begin PBXResourcesBuildPhase section */
		DD0000000000000000000003 /* Resources */ = {
			isa = PBXResourcesBuildPhase;
			buildActionMask = 2147483647;
			files = (
				BB000000000000000000000F /* Assets.xcassets in Resources */,
			);
			runOnlyForDeploymentPostprocessing = 0;
		};
/* End PBXResourcesBuildPhase section */

/* Begin PBXSourcesBuildPhase section */
		DD0000000000000000000001 /* Sources */ = {
			isa = PBXSourcesBuildPhase;
			buildActionMask = 2147483647;
			files = (
				BB0000000000000000000001 /* AppDelegate.swift in Sources */,
				BB0000000000000000000010 /* main.swift in Sources */,
				BB0000000000000000000002 /* ScreenCaptureManager.swift in Sources */,
				BB0000000000000000000003 /* CaptureOverlayWindow.swift in Sources */,
				BB0000000000000000000004 /* RegionSelectorView.swift in Sources */,
				BB0000000000000000000005 /* EditorWindowController.swift in Sources */,
				BB0000000000000000000006 /* CanvasView.swift in Sources */,
				BB0000000000000000000007 /* EditorToolbarView.swift in Sources */,
				BB0000000000000000000008 /* DrawingTool.swift in Sources */,
				BB0000000000000000000009 /* PenTool.swift in Sources */,
				BB000000000000000000000A /* TextTool.swift in Sources */,
				BB0000000000000000000011 /* SelectTool.swift in Sources */,
				BB0000000000000000000012 /* StepMarkerTool.swift in Sources */,
				BB0000000000000000000013 /* ArrowTool.swift in Sources */,
				BB0000000000000000000014 /* ShapeTool.swift in Sources */,
				BB0000000000000000000015 /* BlurTool.swift in Sources */,
				BB0000000000000000000016 /* HighlighterTool.swift in Sources */,
				BB0000000000000000000017 /* ZoomBubbleTool.swift in Sources */,
				BB000000000000000000000B /* Annotation.swift in Sources */,
				BB000000000000000000000C /* DrawingState.swift in Sources */,
				BB000000000000000000000D /* ImageExporter.swift in Sources */,
				BB000000000000000000000E /* FloatingMenuPanel.swift in Sources */,
			);
			runOnlyForDeploymentPostprocessing = 0;
		};
/* End PBXSourcesBuildPhase section */

/* Begin XCBuildConfiguration section */
		EE0000000000000000000001 /* Debug */ = {
			isa = XCBuildConfiguration;
			buildSettings = {
				ALWAYS_SEARCH_USER_PATHS = NO;
				CLANG_ANALYZER_NONNULL = YES;
				CLANG_CXX_LANGUAGE_STANDARD = "gnu++17";
				CLANG_ENABLE_MODULES = YES;
				CLANG_ENABLE_OBJC_ARC = YES;
				CLANG_ENABLE_OBJC_WEAK = YES;
				CLANG_WARN_BLOCK_CAPTURE_AUTORELEASING = YES;
				CLANG_WARN_BOOL_CONVERSION = YES;
				CLANG_WARN_COMMA = YES;
				CLANG_WARN_CONSTANT_CONVERSION = YES;
				CLANG_WARN_DEPRECATED_OBJC_IMPLEMENTATIONS = YES;
				CLANG_WARN_DIRECT_OBJC_ISA_USAGE = YES_ERROR;
				CLANG_WARN_DOCUMENTATION_COMMENTS = YES;
				CLANG_WARN_EMPTY_BODY = YES;
				CLANG_WARN_ENUM_CONVERSION = YES;
				CLANG_WARN_INFINITE_RECURSION = YES;
				CLANG_WARN_INT_CONVERSION = YES;
				CLANG_WARN_NON_LITERAL_NULL_CONVERSION = YES;
				CLANG_WARN_OBJC_IMPLICIT_RETAIN_CYCLE = YES;
				CLANG_WARN_OBJC_LITERAL_CONVERSION = YES;
				CLANG_WARN_OBJC_ROOT_CLASS = YES_ERROR;
				CLANG_WARN_RANGE_LOOP_ANALYSIS = YES;
				CLANG_WARN_STRICT_PROTOTYPES = YES;
				CLANG_WARN_SUSPICIOUS_MOVE = YES;
				CLANG_WARN_UNGUARDED_AVAILABILITY = YES_AGGRESSIVE;
				CLANG_WARN_UNREACHABLE_CODE = YES;
				CLANG_WARN__DUPLICATE_METHOD_MATCH = YES;
				COPY_PHASE_STRIP = NO;
				DEBUG_INFORMATION_FORMAT = dwarf;
				ENABLE_STRICT_OBJC_MSGSEND = YES;
				ENABLE_TESTABILITY = YES;
				GCC_C_LANGUAGE_STANDARD = gnu11;
				GCC_DYNAMIC_NO_PIC = NO;
				GCC_NO_COMMON_BLOCKS = YES;
				GCC_OPTIMIZATION_LEVEL = 0;
				GCC_PREPROCESSOR_DEFINITIONS = (
					"DEBUG=1",
					"$(inherited)",
				);
				GCC_WARN_64_TO_32_BIT_CONVERSION = YES;
				GCC_WARN_ABOUT_RETURN_TYPE = YES_ERROR;
				GCC_WARN_UNDECLARED_SELECTOR = YES;
				GCC_WARN_UNINITIALIZED_AUTOS = YES_AGGRESSIVE;
				GCC_WARN_UNUSED_FUNCTION = YES;
				GCC_WARN_UNUSED_VARIABLE = YES;
				MACOSX_DEPLOYMENT_TARGET = 14.0;
				MTL_ENABLE_DEBUG_INFO = INCLUDE_SOURCE;
				MTL_FAST_MATH = YES;
				ONLY_ACTIVE_ARCH = YES;
				SDKROOT = macosx;
				SWIFT_ACTIVE_COMPILATION_CONDITIONS = DEBUG;
				SWIFT_OPTIMIZATION_LEVEL = "-Onone";
			};
			name = Debug;
		};
		EE0000000000000000000002 /* Release */ = {
			isa = XCBuildConfiguration;
			buildSettings = {
				ALWAYS_SEARCH_USER_PATHS = NO;
				CLANG_ANALYZER_NONNULL = YES;
				CLANG_CXX_LANGUAGE_STANDARD = "gnu++17";
				CLANG_ENABLE_MODULES = YES;
				CLANG_ENABLE_OBJC_ARC = YES;
				CLANG_ENABLE_OBJC_WEAK = YES;
				CLANG_WARN_BLOCK_CAPTURE_AUTORELEASING = YES;
				CLANG_WARN_BOOL_CONVERSION = YES;
				CLANG_WARN_COMMA = YES;
				CLANG_WARN_CONSTANT_CONVERSION = YES;
				CLANG_WARN_DEPRECATED_OBJC_IMPLEMENTATIONS = YES;
				CLANG_WARN_DIRECT_OBJC_ISA_USAGE = YES_ERROR;
				CLANG_WARN_DOCUMENTATION_COMMENTS = YES;
				CLANG_WARN_EMPTY_BODY = YES;
				CLANG_WARN_ENUM_CONVERSION = YES;
				CLANG_WARN_INFINITE_RECURSION = YES;
				CLANG_WARN_INT_CONVERSION = YES;
				CLANG_WARN_NON_LITERAL_NULL_CONVERSION = YES;
				CLANG_WARN_OBJC_IMPLICIT_RETAIN_CYCLE = YES;
				CLANG_WARN_OBJC_LITERAL_CONVERSION = YES;
				CLANG_WARN_OBJC_ROOT_CLASS = YES_ERROR;
				CLANG_WARN_RANGE_LOOP_ANALYSIS = YES;
				CLANG_WARN_STRICT_PROTOTYPES = YES;
				CLANG_WARN_SUSPICIOUS_MOVE = YES;
				CLANG_WARN_UNGUARDED_AVAILABILITY = YES_AGGRESSIVE;
				CLANG_WARN_UNREACHABLE_CODE = YES;
				CLANG_WARN__DUPLICATE_METHOD_MATCH = YES;
				COPY_PHASE_STRIP = NO;
				DEBUG_INFORMATION_FORMAT = "dwarf-with-dsym";
				ENABLE_NS_ASSERTIONS = NO;
				ENABLE_STRICT_OBJC_MSGSEND = YES;
				GCC_C_LANGUAGE_STANDARD = gnu11;
				GCC_NO_COMMON_BLOCKS = YES;
				GCC_WARN_64_TO_32_BIT_CONVERSION = YES;
				GCC_WARN_ABOUT_RETURN_TYPE = YES_ERROR;
				GCC_WARN_UNDECLARED_SELECTOR = YES;
				GCC_WARN_UNINITIALIZED_AUTOS = YES_AGGRESSIVE;
				GCC_WARN_UNUSED_FUNCTION = YES;
				GCC_WARN_UNUSED_VARIABLE = YES;
				MACOSX_DEPLOYMENT_TARGET = 14.0;
				MTL_ENABLE_DEBUG_INFO = NO;
				MTL_FAST_MATH = YES;
				SDKROOT = macosx;
				SWIFT_COMPILATION_MODE = wholemodule;
				SWIFT_OPTIMIZATION_LEVEL = "-O";
			};
			name = Release;
		};
		EE0000000000000000000003 /* Debug */ = {
			isa = XCBuildConfiguration;
			buildSettings = {
				ASSETCATALOG_COMPILER_APPICON_NAME = AppIcon;
				CODE_SIGN_ENTITLEMENTS = Screengrabber/Screengrabber.entitlements;
				CODE_SIGN_STYLE = Automatic;
				COMBINE_HIDPI_IMAGES = YES;
				INFOPLIST_FILE = Screengrabber/Info.plist;
				LD_RUNPATH_SEARCH_PATHS = (
					"$(inherited)",
					"@executable_path/../Frameworks",
				);
				MACOSX_DEPLOYMENT_TARGET = 14.0;
				PRODUCT_BUNDLE_IDENTIFIER = com.screengrabber.app;
				PRODUCT_NAME = "$(TARGET_NAME)";
				SWIFT_VERSION = 5.0;
			};
			name = Debug;
		};
		EE0000000000000000000004 /* Release */ = {
			isa = XCBuildConfiguration;
			buildSettings = {
				ASSETCATALOG_COMPILER_APPICON_NAME = AppIcon;
				CODE_SIGN_ENTITLEMENTS = Screengrabber/Screengrabber.entitlements;
				CODE_SIGN_STYLE = Automatic;
				COMBINE_HIDPI_IMAGES = YES;
				INFOPLIST_FILE = Screengrabber/Info.plist;
				LD_RUNPATH_SEARCH_PATHS = (
					"$(inherited)",
					"@executable_path/../Frameworks",
				);
				MACOSX_DEPLOYMENT_TARGET = 14.0;
				PRODUCT_BUNDLE_IDENTIFIER = com.screengrabber.app;
				PRODUCT_NAME = "$(TARGET_NAME)";
				SWIFT_COMPILATION_MODE = wholemodule;
				SWIFT_OPTIMIZATION_LEVEL = "-O";
				SWIFT_VERSION = 5.0;
			};
			name = Release;
		};
/* End XCBuildConfiguration section */

/* Begin XCConfigurationList section */
		FF0000000000000000000001 /* Build configuration list for PBXProject "Screengrabber" */ = {
			isa = XCConfigurationList;
			buildConfigurations = (
				EE0000000000000000000001 /* Debug */,
				EE0000000000000000000002 /* Release */,
			);
			defaultConfigurationIsVisible = 0;
			defaultConfigurationName = Release;
		};
		FF0000000000000000000002 /* Build configuration list for PBXNativeTarget "Screengrabber" */ = {
			isa = XCConfigurationList;
			buildConfigurations = (
				EE0000000000000000000003 /* Debug */,
				EE0000000000000000000004 /* Release */,
			);
			defaultConfigurationIsVisible = 0;
			defaultConfigurationName = Release;
		};
/* End XCConfigurationList section */

	};
	rootObject = 000000000000000000000001 /* Project object */;
}
